
Microsoft Visual Studio Solution File, Format Version 12.00
# Visual Studio Version 17
VisualStudioVersion = 17.6.33829.357
MinimumVisualStudioVersion = 10.0.40219.1
Project("{9A19103F-16F7-4668-BE54-9A1E7A4F7556}") = "BSUIRQueueTelegramBot", "BSUIRQueueTelegramBot.csproj", "{D3F62836-3509-4B0D-BC3E-D1393AF44EAA}"
EndProject
Global
	GlobalSection(SolutionConfigurationPlatforms) = preSolution
		Debug|Any CPU = Debug|Any CPU
		Release|Any CPU = Release|Any CPU
	EndGlobalSection
	GlobalSection(ProjectConfigurationPlatforms) = postSolution
		{D3F62836-3509-4B0D-BC3E-D1393AF44EAA}.Debug|Any CPU.ActiveCfg = Debug|Any CPU
		{D3F62836-3509-4B0D-BC3E-D1393AF44EAA}.Debug|Any CPU.Build.0 = Debug|Any CPU
		{D3F62836-3509-4B0D-BC3E-D1393AF44EAA}.Release|Any CPU.ActiveCfg = Release|Any CPU
		{D3F62836-3509-4B0D-BC3E-D1393AF44EAA}.Release|Any CPU.Build.0 = Release|Any CPU
	EndGlobalSection
	GlobalSection(SolutionProperties) = preSolution
		HideSolutionNode = FALSE
	EndGlobalSection
	GlobalSection(ExtensibilityGlobals) = postSolution
		SolutionGuid = {7CC4115C-8390-45F7-B340-55247B07F3C5}
	EndGlobalSection
EndGlobal
